
Microsoft Visual Studio Solution File, Format Version 12.00
# Visual Studio 2013
VisualStudioVersion = 12.0.21005.1
MinimumVisualStudioVersion = 10.0.40219.1
Project("{FAE04EC0-301F-11D3-BF4B-00C04F79EFBC}") = "PipeLinesOOD2", "WindowsFormsApplication13\PipeLinesOOD2.csproj", "{B1FB4C4A-9E50-469C-892F-37F59C8F6DDF}"
EndProject
Global
	GlobalSection(SolutionConfigurationPlatforms) = preSolution
		Debug|Any CPU = Debug|Any CPU
		Release|Any CPU = Release|Any CPU
	EndGlobalSection
	GlobalSection(ProjectConfigurationPlatforms) = postSolution
		{B1FB4C4A-9E50-469C-892F-37F59C8F6DDF}.Debug|Any CPU.ActiveCfg = Debug|Any CPU
		{B1FB4C4A-9E50-469C-892F-37F59C8F6DDF}.Debug|Any CPU.Build.0 = Debug|Any CPU
		{B1FB4C4A-9E50-469C-892F-37F59C8F6DDF}.Release|Any CPU.ActiveCfg = Release|Any CPU
		{B1FB4C4A-9E50-469C-892F-37F59C8F6DDF}.Release|Any CPU.Build.0 = Release|Any CPU
	EndGlobalSection
	GlobalSection(SolutionProperties) = preSolution
		HideSolutionNode = FALSE
	EndGlobalSection
EndGlobal
